
Microsoft Visual Studio Solution File, Format Version 12.00
# Visual Studio Version 17
VisualStudioVersion = 17.3.32922.545
MinimumVisualStudioVersion = 10.0.40219.1
Project("{8BC9CEB8-8B4A-11D0-8D11-00A0C91BC942}") = "TFG", "TFG.vcxproj", "{19C145E7-0BBE-477F-A56E-5FCF7029D761}"
EndProject
Global
	GlobalSection(SolutionConfigurationPlatforms) = preSolution
		Debug|x64 = Debug|x64
		Debug|x86 = Debug|x86
		Release|x64 = Release|x64
		Release|x86 = Release|x86
	EndGlobalSection
	GlobalSection(ProjectConfigurationPlatforms) = postSolution
		{19C145E7-0BBE-477F-A56E-5FCF7029D761}.Debug|x64.ActiveCfg = Debug|x64
		{19C145E7-0BBE-477F-A56E-5FCF7029D761}.Debug|x64.Build.0 = Debug|x64
		{19C145E7-0BBE-477F-A56E-5FCF7029D761}.Debug|x86.ActiveCfg = Debug|Win32
		{19C145E7-0BBE-477F-A56E-5FCF7029D761}.Debug|x86.Build.0 = Debug|Win32
		{19C145E7-0BBE-477F-A56E-5FCF7029D761}.Release|x64.ActiveCfg = Release|x64
		{19C145E7-0BBE-477F-A56E-5FCF7029D761}.Release|x64.Build.0 = Release|x64
		{19C145E7-0BBE-477F-A56E-5FCF7029D761}.Release|x86.ActiveCfg = Release|Win32
		{19C145E7-0BBE-477F-A56E-5FCF7029D761}.Release|x86.Build.0 = Release|Win32
	EndGlobalSection
	GlobalSection(SolutionProperties) = preSolution
		HideSolutionNode = FALSE
	EndGlobalSection
	GlobalSection(ExtensibilityGlobals) = postSolution
		SolutionGuid = {70E7FFBD-11E7-4B65-82C2-8AC19FB248F4}
	EndGlobalSection
EndGlobal
